
Microsoft Visual Studio Solution File, Format Version 12.00
# Visual Studio Version 17
VisualStudioVersion = 17.1.32319.34
MinimumVisualStudioVersion = 10.0.40219.1
Project("{8BC9CEB8-8B4A-11D0-8D11-00A0C91BC942}") = "电梯编码预处理", "电梯编码预处理.vcxproj", "{F096835C-2040-4609-9F3C-3D74993B4985}"
EndProject
Project("{8BC9CEB8-8B4A-11D0-8D11-00A0C91BC942}") = "Elevator_floor", "Elevator_floor\Elevator_floor.vcxproj", "{908C08CE-627C-47FC-9B95-E52774E9353F}"
EndProject
Project("{8BC9CEB8-8B4A-11D0-8D11-00A0C91BC942}") = "出现概率的变化倍率", "概率分析\出现概率的变化倍率\出现概率的变化倍率.vcxproj", "{4547D31B-4D83-4500-B1FB-9CC169201045}"
EndProject
Project("{8BC9CEB8-8B4A-11D0-8D11-00A0C91BC942}") = "文本文件处理", "文本文件处理\文本文件处理.vcxproj", "{5EE8A10E-3A4C-4A3F-BC59-4BA7A2EA265C}"
EndProject
Project("{2150E333-8FDC-42A3-9474-1A3956D46DE8}") = "Solution Items", "Solution Items", "{EE962E2B-9E49-4289-9254-66576757FFD2}"
EndProject
Project("{8BC9CEB8-8B4A-11D0-8D11-00A0C91BC942}") = "Tree_build", "Tree_build\Tree_build.vcxproj", "{AFEF6B3B-84CD-448C-913A-5AEF86C06D09}"
EndProject
Global
	GlobalSection(SolutionConfigurationPlatforms) = preSolution
		Debug|x64 = Debug|x64
		Debug|x86 = Debug|x86
		Release|x64 = Release|x64
		Release|x86 = Release|x86
	EndGlobalSection
	GlobalSection(ProjectConfigurationPlatforms) = postSolution
		{F096835C-2040-4609-9F3C-3D74993B4985}.Debug|x64.ActiveCfg = Debug|x64
		{F096835C-2040-4609-9F3C-3D74993B4985}.Debug|x64.Build.0 = Debug|x64
		{F096835C-2040-4609-9F3C-3D74993B4985}.Debug|x86.ActiveCfg = Debug|Win32
		{F096835C-2040-4609-9F3C-3D74993B4985}.Debug|x86.Build.0 = Debug|Win32
		{F096835C-2040-4609-9F3C-3D74993B4985}.Release|x64.ActiveCfg = Release|x64
		{F096835C-2040-4609-9F3C-3D74993B4985}.Release|x64.Build.0 = Release|x64
		{F096835C-2040-4609-9F3C-3D74993B4985}.Release|x86.ActiveCfg = Release|Win32
		{F096835C-2040-4609-9F3C-3D74993B4985}.Release|x86.Build.0 = Release|Win32
		{908C08CE-627C-47FC-9B95-E52774E9353F}.Debug|x64.ActiveCfg = Debug|x64
		{908C08CE-627C-47FC-9B95-E52774E9353F}.Debug|x64.Build.0 = Debug|x64
		{908C08CE-627C-47FC-9B95-E52774E9353F}.Debug|x86.ActiveCfg = Debug|Win32
		{908C08CE-627C-47FC-9B95-E52774E9353F}.Debug|x86.Build.0 = Debug|Win32
		{908C08CE-627C-47FC-9B95-E52774E9353F}.Release|x64.ActiveCfg = Release|x64
		{908C08CE-627C-47FC-9B95-E52774E9353F}.Release|x64.Build.0 = Release|x64
		{908C08CE-627C-47FC-9B95-E52774E9353F}.Release|x86.ActiveCfg = Release|Win32
		{908C08CE-627C-47FC-9B95-E52774E9353F}.Release|x86.Build.0 = Release|Win32
		{4547D31B-4D83-4500-B1FB-9CC169201045}.Debug|x64.ActiveCfg = Debug|x64
		{4547D31B-4D83-4500-B1FB-9CC169201045}.Debug|x64.Build.0 = Debug|x64
		{4547D31B-4D83-4500-B1FB-9CC169201045}.Debug|x86.ActiveCfg = Debug|Win32
		{4547D31B-4D83-4500-B1FB-9CC169201045}.Debug|x86.Build.0 = Debug|Win32
		{4547D31B-4D83-4500-B1FB-9CC169201045}.Release|x64.ActiveCfg = Release|x64
		{4547D31B-4D83-4500-B1FB-9CC169201045}.Release|x64.Build.0 = Release|x64
		{4547D31B-4D83-4500-B1FB-9CC169201045}.Release|x86.ActiveCfg = Release|Win32
		{4547D31B-4D83-4500-B1FB-9CC169201045}.Release|x86.Build.0 = Release|Win32
		{5EE8A10E-3A4C-4A3F-BC59-4BA7A2EA265C}.Debug|x64.ActiveCfg = Debug|x64
		{5EE8A10E-3A4C-4A3F-BC59-4BA7A2EA265C}.Debug|x64.Build.0 = Debug|x64
		{5EE8A10E-3A4C-4A3F-BC59-4BA7A2EA265C}.Debug|x86.ActiveCfg = Debug|Win32
		{5EE8A10E-3A4C-4A3F-BC59-4BA7A2EA265C}.Debug|x86.Build.0 = Debug|Win32
		{5EE8A10E-3A4C-4A3F-BC59-4BA7A2EA265C}.Release|x64.ActiveCfg = Release|x64
		{5EE8A10E-3A4C-4A3F-BC59-4BA7A2EA265C}.Release|x64.Build.0 = Release|x64
		{5EE8A10E-3A4C-4A3F-BC59-4BA7A2EA265C}.Release|x86.ActiveCfg = Release|Win32
		{5EE8A10E-3A4C-4A3F-BC59-4BA7A2EA265C}.Release|x86.Build.0 = Release|Win32
		{AFEF6B3B-84CD-448C-913A-5AEF86C06D09}.Debug|x64.ActiveCfg = Debug|x64
		{AFEF6B3B-84CD-448C-913A-5AEF86C06D09}.Debug|x64.Build.0 = Debug|x64
		{AFEF6B3B-84CD-448C-913A-5AEF86C06D09}.Debug|x86.ActiveCfg = Debug|Win32
		{AFEF6B3B-84CD-448C-913A-5AEF86C06D09}.Debug|x86.Build.0 = Debug|Win32
		{AFEF6B3B-84CD-448C-913A-5AEF86C06D09}.Release|x64.ActiveCfg = Release|x64
		{AFEF6B3B-84CD-448C-913A-5AEF86C06D09}.Release|x64.Build.0 = Release|x64
		{AFEF6B3B-84CD-448C-913A-5AEF86C06D09}.Release|x86.ActiveCfg = Release|Win32
		{AFEF6B3B-84CD-448C-913A-5AEF86C06D09}.Release|x86.Build.0 = Release|Win32
	EndGlobalSection
	GlobalSection(SolutionProperties) = preSolution
		HideSolutionNode = FALSE
	EndGlobalSection
	GlobalSection(ExtensibilityGlobals) = postSolution
		SolutionGuid = {902D0C09-9F45-4C22-864C-615EC63D57C9}
	EndGlobalSection
EndGlobal
